PODS:
  - Realm (3.0.1):
    - Realm/Headers (= 3.0.1)
  - Realm/Headers (3.0.1)
  - VK-ios-sdk (1.4.6)

DEPENDENCIES:
  - Realm (>= 3.0.1)
  - VK-ios-sdk

SPEC CHECKSUMS:
  Realm: ba6144c74f835f7497791f6599d63a7755377b83
  VK-ios-sdk: 7fd48bc5aaa6b96c3197c1987eb6593f2ea67331

PODFILE CHECKSUM: 839962ef8919a99c5c0ab75ad02f1d34bae8aee1

COCOAPODS: 1.3.1
