// !$*UTF8*$!
{
	archiveVersion = 1;
	classes = {
	};
	objectVersion = 46;
	objects = {

/* Begin PBXBuildFile section */
		40220B549D4A874493C87AFB /* libPods-VKFinder.a in Frameworks */ = {isa = PBXBuildFile; fileRef = DE559720414107443A614C5B /* libPods-VKFinder.a */; };
		AB06D0D41FA36646006AF6AD /* main.m in Sources */ = {isa = PBXBuildFile; fileRef = AB06D0D31FA36646006AF6AD /* main.m */; };
		AB06D0D71FA36646006AF6AD /* AppDelegate.m in Sources */ = {isa = PBXBuildFile; fileRef = AB06D0D61FA36646006AF6AD /* AppDelegate.m */; };
		AB06D0DD1FA36646006AF6AD /* Main.storyboard in Resources */ = {isa = PBXBuildFile; fileRef = AB06D0DB1FA36646006AF6AD /* Main.storyboard */; };
		AB06D0DF1FA36646006AF6AD /* Assets.xcassets in Resources */ = {isa = PBXBuildFile; fileRef = AB06D0DE1FA36646006AF6AD /* Assets.xcassets */; };
		AB06D0E21FA36646006AF6AD /* LaunchScreen.storyboard in Resources */ = {isa = PBXBuildFile; fileRef = AB06D0E01FA36646006AF6AD /* LaunchScreen.storyboard */; };
		AB06D0EA1FA36884006AF6AD /* Podfile in Resources */ = {isa = PBXBuildFile; fileRef = AB06D0E91FA36884006AF6AD /* Podfile */; };
		AB06D0EF1FA3826E006AF6AD /* .gitignore in Resources */ = {isa = PBXBuildFile; fileRef = AB06D0EE1FA3826E006AF6AD /* .gitignore */; };
		AB06D0F21FA386F4006AF6AD /* VkAPIDataManager.m in Sources */ = {isa = PBXBuildFile; fileRef = AB06D0F11FA386F4006AF6AD /* VkAPIDataManager.m */; };
		ABF2153A1FC7095800A18723 /* CommentRLMObject.m in Sources */ = {isa = PBXBuildFile; fileRef = ABF215351FC7095700A18723 /* CommentRLMObject.m */; };
		ABF2153B1FC7095800A18723 /* Post.m in Sources */ = {isa = PBXBuildFile; fileRef = ABF215371FC7095700A18723 /* Post.m */; };
		ABF2153C1FC7095800A18723 /* PostRLMObject.m in Sources */ = {isa = PBXBuildFile; fileRef = ABF215391FC7095700A18723 /* PostRLMObject.m */; };
		ABF215481FC7099600A18723 /* CommentsViewController.m in Sources */ = {isa = PBXBuildFile; fileRef = ABF2153E1FC7099600A18723 /* CommentsViewController.m */; };
		ABF215491FC7099600A18723 /* FilterViewController.m in Sources */ = {isa = PBXBuildFile; fileRef = ABF215401FC7099600A18723 /* FilterViewController.m */; };
		ABF2154A1FC7099600A18723 /* FilterViewController.xib in Resources */ = {isa = PBXBuildFile; fileRef = ABF215411FC7099600A18723 /* FilterViewController.xib */; };
		ABF2154B1FC7099600A18723 /* MainMenuViewController.m in Sources */ = {isa = PBXBuildFile; fileRef = ABF215431FC7099600A18723 /* MainMenuViewController.m */; };
		ABF2154C1FC7099600A18723 /* PostsViewController.m in Sources */ = {isa = PBXBuildFile; fileRef = ABF215451FC7099600A18723 /* PostsViewController.m */; };
		ABF2154D1FC7099600A18723 /* ViewController.m in Sources */ = {isa = PBXBuildFile; fileRef = ABF215471FC7099600A18723 /* ViewController.m */; };
		ABF215501FC7129E00A18723 /* RealmDBManager.m in Sources */ = {isa = PBXBuildFile; fileRef = ABF2154F1FC7129E00A18723 /* RealmDBManager.m */; };
/* End PBXBuildFile section */

/* Begin PBXFileReference section */
		9BE5396222C780D8E9329BCA /* Pods-VKFinder.release.xcconfig */ = {isa = PBXFileReference; includeInIndex = 1; lastKnownFileType = text.xcconfig; name = "Pods-VKFinder.release.xcconfig"; path = "Pods/Target Support Files/Pods-VKFinder/Pods-VKFinder.release.xcconfig"; sourceTree = "<group>"; };
		AB06D0CF1FA36646006AF6AD /* VKFinder.app */ = {isa = PBXFileReference; explicitFileType = wrapper.application; includeInIndex = 0; path = VKFinder.app; sourceTree = BUILT_PRODUCTS_DIR; };
		AB06D0D31FA36646006AF6AD /* main.m */ = {isa = PBXFileReference; lastKnownFileType = sourcecode.c.objc; path = main.m; sourceTree = "<group>"; };
		AB06D0D51FA36646006AF6AD /* AppDelegate.h */ = {isa = PBXFileReference; lastKnownFileType = sourcecode.c.h; path = AppDelegate.h; sourceTree = "<group>"; };
		AB06D0D61FA36646006AF6AD /* AppDelegate.m */ = {isa = PBXFileReference; lastKnownFileType = sourcecode.c.objc; path = AppDelegate.m; sourceTree = "<group>"; };
		AB06D0DC1FA36646006AF6AD /* Base */ = {isa = PBXFileReference; lastKnownFileType = file.storyboard; name = Base; path = Base.lproj/Main.storyboard; sourceTree = "<group>"; };
		AB06D0DE1FA36646006AF6AD /* Assets.xcassets */ = {isa = PBXFileReference; lastKnownFileType = folder.assetcatalog; path = Assets.xcassets; sourceTree = "<group>"; };
		AB06D0E11FA36646006AF6AD /* Base */ = {isa = PBXFileReference; lastKnownFileType = file.storyboard; name = Base; path = Base.lproj/LaunchScreen.storyboard; sourceTree = "<group>"; };
		AB06D0E31FA36646006AF6AD /* Info.plist */ = {isa = PBXFileReference; lastKnownFileType = text.plist.xml; path = Info.plist; sourceTree = "<group>"; };
		AB06D0E91FA36884006AF6AD /* Podfile */ = {isa = PBXFileReference; fileEncoding = 4; lastKnownFileType = text; path = Podfile; sourceTree = "<group>"; xcLanguageSpecificationIdentifier = xcode.lang.ruby; };
		AB06D0EE1FA3826E006AF6AD /* .gitignore */ = {isa = PBXFileReference; fileEncoding = 4; lastKnownFileType = text; path = .gitignore; sourceTree = "<group>"; };
		AB06D0F01FA386F4006AF6AD /* VkAPIDataManager.h */ = {isa = PBXFileReference; fileEncoding = 4; lastKnownFileType = sourcecode.c.h; path = VkAPIDataManager.h; sourceTree = "<group>"; };
		AB06D0F11FA386F4006AF6AD /* VkAPIDataManager.m */ = {isa = PBXFileReference; fileEncoding = 4; lastKnownFileType = sourcecode.c.objc; path = VkAPIDataManager.m; sourceTree = "<group>"; };
		ABF215341FC7095700A18723 /* CommentRLMObject.h */ = {isa = PBXFileReference; fileEncoding = 4; lastKnownFileType = sourcecode.c.h; name = CommentRLMObject.h; path = Models/CommentRLMObject.h; sourceTree = "<group>"; };
		ABF215351FC7095700A18723 /* CommentRLMObject.m */ = {isa = PBXFileReference; fileEncoding = 4; lastKnownFileType = sourcecode.c.objc; name = CommentRLMObject.m; path = Models/CommentRLMObject.m; sourceTree = "<group>"; };
		ABF215361FC7095700A18723 /* Post.h */ = {isa = PBXFileReference; fileEncoding = 4; lastKnownFileType = sourcecode.c.h; name = Post.h; path = Models/Post.h; sourceTree = "<group>"; };
		ABF215371FC7095700A18723 /* Post.m */ = {isa = PBXFileReference; fileEncoding = 4; lastKnownFileType = sourcecode.c.objc; name = Post.m; path = Models/Post.m; sourceTree = "<group>"; };
		ABF215381FC7095700A18723 /* PostRLMObject.h */ = {isa = PBXFileReference; fileEncoding = 4; lastKnownFileType = sourcecode.c.h; name = PostRLMObject.h; path = Models/PostRLMObject.h; sourceTree = "<group>"; };
		ABF215391FC7095700A18723 /* PostRLMObject.m */ = {isa = PBXFileReference; fileEncoding = 4; lastKnownFileType = sourcecode.c.objc; name = PostRLMObject.m; path = Models/PostRLMObject.m; sourceTree = "<group>"; };
		ABF2153D1FC7099600A18723 /* CommentsViewController.h */ = {isa = PBXFileReference; fileEncoding = 4; lastKnownFileType = sourcecode.c.h; name = CommentsViewController.h; path = ViewControllers/CommentsViewController.h; sourceTree = "<group>"; };
		ABF2153E1FC7099600A18723 /* CommentsViewController.m */ = {isa = PBXFileReference; fileEncoding = 4; lastKnownFileType = sourcecode.c.objc; name = CommentsViewController.m; path = ViewControllers/CommentsViewController.m; sourceTree = "<group>"; };
		ABF2153F1FC7099600A18723 /* FilterViewController.h */ = {isa = PBXFileReference; fileEncoding = 4; lastKnownFileType = sourcecode.c.h; name = FilterViewController.h; path = ViewControllers/FilterViewController.h; sourceTree = "<group>"; };
		ABF215401FC7099600A18723 /* FilterViewController.m */ = {isa = PBXFileReference; fileEncoding = 4; lastKnownFileType = sourcecode.c.objc; name = FilterViewController.m; path = ViewControllers/FilterViewController.m; sourceTree = "<group>"; };
		ABF215411FC7099600A18723 /* FilterViewController.xib */ = {isa = PBXFileReference; fileEncoding = 4; lastKnownFileType = file.xib; name = FilterViewController.xib; path = ViewControllers/FilterViewController.xib; sourceTree = "<group>"; };
		ABF215421FC7099600A18723 /* MainMenuViewController.h */ = {isa = PBXFileReference; fileEncoding = 4; lastKnownFileType = sourcecode.c.h; name = MainMenuViewController.h; path = ViewControllers/MainMenuViewController.h; sourceTree = "<group>"; };
		ABF215431FC7099600A18723 /* MainMenuViewController.m */ = {isa = PBXFileReference; fileEncoding = 4; lastKnownFileType = sourcecode.c.objc; name = MainMenuViewController.m; path = ViewControllers/MainMenuViewController.m; sourceTree = "<group>"; };
		ABF215441FC7099600A18723 /* PostsViewController.h */ = {isa = PBXFileReference; fileEncoding = 4; lastKnownFileType = sourcecode.c.h; name = PostsViewController.h; path = ViewControllers/PostsViewController.h; sourceTree = "<group>"; };
		ABF215451FC7099600A18723 /* PostsViewController.m */ = {isa = PBXFileReference; fileEncoding = 4; lastKnownFileType = sourcecode.c.objc; name = PostsViewController.m; path = ViewControllers/PostsViewController.m; sourceTree = "<group>"; };
		ABF215461FC7099600A18723 /* ViewController.h */ = {isa = PBXFileReference; fileEncoding = 4; lastKnownFileType = sourcecode.c.h; name = ViewController.h; path = ViewControllers/ViewController.h; sourceTree = "<group>"; };
		ABF215471FC7099600A18723 /* ViewController.m */ = {isa = PBXFileReference; fileEncoding = 4; lastKnownFileType = sourcecode.c.objc; name = ViewController.m; path = ViewControllers/ViewController.m; sourceTree = "<group>"; };
		ABF2154E1FC7129E00A18723 /* RealmDBManager.h */ = {isa = PBXFileReference; fileEncoding = 4; lastKnownFileType = sourcecode.c.h; path = RealmDBManager.h; sourceTree = "<group>"; };
		ABF2154F1FC7129E00A18723 /* RealmDBManager.m */ = {isa = PBXFileReference; fileEncoding = 4; lastKnownFileType = sourcecode.c.objc; path = RealmDBManager.m; sourceTree = "<group>"; };
		D86727A02A76345E0373C9FC /* Pods-VKFinder.debug.xcconfig */ = {isa = PBXFileReference; includeInIndex = 1; lastKnownFileType = text.xcconfig; name = "Pods-VKFinder.debug.xcconfig"; path = "Pods/Target Support Files/Pods-VKFinder/Pods-VKFinder.debug.xcconfig"; sourceTree = "<group>"; };
		DE559720414107443A614C5B /* libPods-VKFinder.a */ = {isa = PBXFileReference; explicitFileType = archive.ar; includeInIndex = 0; path = "libPods-VKFinder.a"; sourceTree = BUILT_PRODUCTS_DIR; };
/* End PBXFileReference section */

/* Begin PBXFrameworksBuildPhase section */
		AB06D0CC1FA36646006AF6AD /* Frameworks */ = {
			isa = PBXFrameworksBuildPhase;
			buildActionMask = 2147483647;
			files = (
				40220B549D4A874493C87AFB /* libPods-VKFinder.a in Frameworks */,
			);
			runOnlyForDeploymentPostprocessing = 0;
		};
/* End PBXFrameworksBuildPhase section */

/* Begin PBXGroup section */
		0F806F721684D17817801FCE /* Pods */ = {
			isa = PBXGroup;
			children = (
				D86727A02A76345E0373C9FC /* Pods-VKFinder.debug.xcconfig */,
				9BE5396222C780D8E9329BCA /* Pods-VKFinder.release.xcconfig */,
			);
			name = Pods;
			sourceTree = "<group>";
		};
		AB06D0C61FA36646006AF6AD = {
			isa = PBXGroup;
			children = (
				AB06D0EE1FA3826E006AF6AD /* .gitignore */,
				AB06D0E91FA36884006AF6AD /* Podfile */,
				AB06D0D11FA36646006AF6AD /* VKFinder */,
				AB06D0D01FA36646006AF6AD /* Products */,
				0F806F721684D17817801FCE /* Pods */,
				CF5790316CD734ACC04C1F25 /* Frameworks */,
			);
			sourceTree = "<group>";
		};
		AB06D0D01FA36646006AF6AD /* Products */ = {
			isa = PBXGroup;
			children = (
				AB06D0CF1FA36646006AF6AD /* VKFinder.app */,
			);
			name = Products;
			sourceTree = "<group>";
		};
		AB06D0D11FA36646006AF6AD /* VKFinder */ = {
			isa = PBXGroup;
			children = (
				AB06D0F61FA39093006AF6AD /* Models */,
				ABF215331FC707C400A18723 /* ViewControllers */,
				AB06D0D51FA36646006AF6AD /* AppDelegate.h */,
				AB06D0D61FA36646006AF6AD /* AppDelegate.m */,
				AB06D0F01FA386F4006AF6AD /* VkAPIDataManager.h */,
				AB06D0F11FA386F4006AF6AD /* VkAPIDataManager.m */,
				ABF2154E1FC7129E00A18723 /* RealmDBManager.h */,
				ABF2154F1FC7129E00A18723 /* RealmDBManager.m */,
				AB06D0DB1FA36646006AF6AD /* Main.storyboard */,
				AB06D0DE1FA36646006AF6AD /* Assets.xcassets */,
				AB06D0E01FA36646006AF6AD /* LaunchScreen.storyboard */,
				AB06D0E31FA36646006AF6AD /* Info.plist */,
				AB06D0D21FA36646006AF6AD /* Supporting Files */,
			);
			path = VKFinder;
			sourceTree = "<group>";
		};
		AB06D0D21FA36646006AF6AD /* Supporting Files */ = {
			isa = PBXGroup;
			children = (
				AB06D0D31FA36646006AF6AD /* main.m */,
			);
			name = "Supporting Files";
			sourceTree = "<group>";
		};
		AB06D0F61FA39093006AF6AD /* Models */ = {
			isa = PBXGroup;
			children = (
				ABF215361FC7095700A18723 /* Post.h */,
				ABF215371FC7095700A18723 /* Post.m */,
				ABF215381FC7095700A18723 /* PostRLMObject.h */,
				ABF215391FC7095700A18723 /* PostRLMObject.m */,
				ABF215341FC7095700A18723 /* CommentRLMObject.h */,
				ABF215351FC7095700A18723 /* CommentRLMObject.m */,
			);
			name = Models;
			sourceTree = "<group>";
		};
		ABF215331FC707C400A18723 /* ViewControllers */ = {
			isa = PBXGroup;
			children = (
				ABF215461FC7099600A18723 /* ViewController.h */,
				ABF215471FC7099600A18723 /* ViewController.m */,
				ABF215421FC7099600A18723 /* MainMenuViewController.h */,
				ABF215431FC7099600A18723 /* MainMenuViewController.m */,
				ABF215441FC7099600A18723 /* PostsViewController.h */,
				ABF215451FC7099600A18723 /* PostsViewController.m */,
				ABF2153D1FC7099600A18723 /* CommentsViewController.h */,
				ABF2153E1FC7099600A18723 /* CommentsViewController.m */,
				ABF2153F1FC7099600A18723 /* FilterViewController.h */,
				ABF215401FC7099600A18723 /* FilterViewController.m */,
				ABF215411FC7099600A18723 /* FilterViewController.xib */,
			);
			name = ViewControllers;
			sourceTree = "<group>";
		};
		CF5790316CD734ACC04C1F25 /* Frameworks */ = {
			isa = PBXGroup;
			children = (
				DE559720414107443A614C5B /* libPods-VKFinder.a */,
			);
			name = Frameworks;
			sourceTree = "<group>";
		};
/* End PBXGroup section */

/* Begin PBXNativeTarget section */
		AB06D0CE1FA36646006AF6AD /* VKFinder */ = {
			isa = PBXNativeTarget;
			buildConfigurationList = AB06D0E61FA36646006AF6AD /* Build configuration list for PBXNativeTarget "VKFinder" */;
			buildPhases = (
				3219CF1C788E3035068E841B /* [CP] Check Pods Manifest.lock */,
				AB06D0CB1FA36646006AF6AD /* Sources */,
				AB06D0CC1FA36646006AF6AD /* Frameworks */,
				AB06D0CD1FA36646006AF6AD /* Resources */,
				60DE9382381496AD6CC6A740 /* [CP] Embed Pods Frameworks */,
				E174BEA3490A011286D39AAE /* [CP] Copy Pods Resources */,
			);
			buildRules = (
			);
			dependencies = (
			);
			name = VKFinder;
			productName = VKFinder;
			productReference = AB06D0CF1FA36646006AF6AD /* VKFinder.app */;
			productType = "com.apple.product-type.application";
		};
/* End PBXNativeTarget section */

/* Begin PBXProject section */
		AB06D0C71FA36646006AF6AD /* Project object */ = {
			isa = PBXProject;
			attributes = {
				LastUpgradeCheck = 0830;
				ORGANIZATIONNAME = "Nikita Votyakov";
				TargetAttributes = {
					AB06D0CE1FA36646006AF6AD = {
						CreatedOnToolsVersion = 8.3.3;
						DevelopmentTeam = 42V7DCQUR8;
						ProvisioningStyle = Automatic;
					};
				};
			};
			buildConfigurationList = AB06D0CA1FA36646006AF6AD /* Build configuration list for PBXProject "VKFinder" */;
			compatibilityVersion = "Xcode 3.2";
			developmentRegion = English;
			hasScannedForEncodings = 0;
			knownRegions = (
				en,
				Base,
			);
			mainGroup = AB06D0C61FA36646006AF6AD;
			productRefGroup = AB06D0D01FA36646006AF6AD /* Products */;
			projectDirPath = "";
			projectRoot = "";
			targets = (
				AB06D0CE1FA36646006AF6AD /* VKFinder */,
			);
		};
/* End PBXProject section */

/* Begin PBXResourcesBuildPhase section */
		AB06D0CD1FA36646006AF6AD /* Resources */ = {
			isa = PBXResourcesBuildPhase;
			buildActionMask = 2147483647;
			files = (
				ABF2154A1FC7099600A18723 /* FilterViewController.xib in Resources */,
				AB06D0EF1FA3826E006AF6AD /* .gitignore in Resources */,
				AB06D0E21FA36646006AF6AD /* LaunchScreen.storyboard in Resources */,
				AB06D0DF1FA36646006AF6AD /* Assets.xcassets in Resources */,
				AB06D0EA1FA36884006AF6AD /* Podfile in Resources */,
				AB06D0DD1FA36646006AF6AD /* Main.storyboard in Resources */,
			);
			runOnlyForDeploymentPostprocessing = 0;
		};
/* End PBXResourcesBuildPhase section */

/* Begin PBXShellScriptBuildPhase section */
		3219CF1C788E3035068E841B /* [CP] Check Pods Manifest.lock */ = {
			isa = PBXShellScriptBuildPhase;
			buildActionMask = 2147483647;
			files = (
			);
			inputPaths = (
				"${PODS_PODFILE_DIR_PATH}/Podfile.lock",
				"${PODS_ROOT}/Manifest.lock",
			);
			name = "[CP] Check Pods Manifest.lock";
			outputPaths = (
				"$(DERIVED_FILE_DIR)/Pods-VKFinder-checkManifestLockResult.txt",
			);
			runOnlyForDeploymentPostprocessing = 0;
			shellPath = /bin/sh;
			shellScript = "diff \"${PODS_PODFILE_DIR_PATH}/Podfile.lock\" \"${PODS_ROOT}/Manifest.lock\" > /dev/null\nif [ $? != 0 ] ; then\n    # print error to STDERR\n    echo \"error: The sandbox is not in sync with the Podfile.lock. Run 'pod install' or update your CocoaPods installation.\" >&2\n    exit 1\nfi\n# This output is used by Xcode 'outputs' to avoid re-running this script phase.\necho \"SUCCESS\" > \"${SCRIPT_OUTPUT_FILE_0}\"\n";
			showEnvVarsInLog = 0;
		};
		60DE9382381496AD6CC6A740 /* [CP] Embed Pods Frameworks */ = {
			isa = PBXShellScriptBuildPhase;
			buildActionMask = 2147483647;
			files = (
			);
			inputPaths = (
			);
			name = "[CP] Embed Pods Frameworks";
			outputPaths = (
			);
			runOnlyForDeploymentPostprocessing = 0;
			shellPath = /bin/sh;
			shellScript = "\"${SRCROOT}/Pods/Target Support Files/Pods-VKFinder/Pods-VKFinder-frameworks.sh\"\n";
			showEnvVarsInLog = 0;
		};
		E174BEA3490A011286D39AAE /* [CP] Copy Pods Resources */ = {
			isa = PBXShellScriptBuildPhase;
			buildActionMask = 2147483647;
			files = (
			);
			inputPaths = (
				"${SRCROOT}/Pods/Target Support Files/Pods-VKFinder/Pods-VKFinder-resources.sh",
				"$PODS_CONFIGURATION_BUILD_DIR/VK-ios-sdk/VKSdkResources.bundle",
			);
			name = "[CP] Copy Pods Resources";
			outputPaths = (
				"${TARGET_BUILD_DIR}/${UNLOCALIZED_RESOURCES_FOLDER_PATH}",
			);
			runOnlyForDeploymentPostprocessing = 0;
			shellPath = /bin/sh;
			shellScript = "\"${SRCROOT}/Pods/Target Support Files/Pods-VKFinder/Pods-VKFinder-resources.sh\"\n";
			showEnvVarsInLog = 0;
		};
/* End PBXShellScriptBuildPhase section */

/* Begin PBXSourcesBuildPhase section */
		AB06D0CB1FA36646006AF6AD /* Sources */ = {
			isa = PBXSourcesBuildPhase;
			buildActionMask = 2147483647;
			files = (
				ABF2153B1FC7095800A18723 /* Post.m in Sources */,
				ABF215491FC7099600A18723 /* FilterViewController.m in Sources */,
				ABF2153C1FC7095800A18723 /* PostRLMObject.m in Sources */,
				ABF2154B1FC7099600A18723 /* MainMenuViewController.m in Sources */,
				ABF2154C1FC7099600A18723 /* PostsViewController.m in Sources */,
				ABF2154D1FC7099600A18723 /* ViewController.m in Sources */,
				AB06D0F21FA386F4006AF6AD /* VkAPIDataManager.m in Sources */,
				ABF215481FC7099600A18723 /* CommentsViewController.m in Sources */,
				AB06D0D71FA36646006AF6AD /* AppDelegate.m in Sources */,
				ABF215501FC7129E00A18723 /* RealmDBManager.m in Sources */,
				AB06D0D41FA36646006AF6AD /* main.m in Sources */,
				ABF2153A1FC7095800A18723 /* CommentRLMObject.m in Sources */,
			);
			runOnlyForDeploymentPostprocessing = 0;
		};
/* End PBXSourcesBuildPhase section */

/* Begin PBXVariantGroup section */
		AB06D0DB1FA36646006AF6AD /* Main.storyboard */ = {
			isa = PBXVariantGroup;
			children = (
				AB06D0DC1FA36646006AF6AD /* Base */,
			);
			name = Main.storyboard;
			sourceTree = "<group>";
		};
		AB06D0E01FA36646006AF6AD /* LaunchScreen.storyboard */ = {
			isa = PBXVariantGroup;
			children = (
				AB06D0E11FA36646006AF6AD /* Base */,
			);
			name = LaunchScreen.storyboard;
			sourceTree = "<group>";
		};
/* End PBXVariantGroup section */

/* Begin XCBuildConfiguration section */
		AB06D0E41FA36646006AF6AD /* Debug */ = {
			isa = XCBuildConfiguration;
			buildSettings = {
				ALWAYS_SEARCH_USER_PATHS = NO;
				CLANG_ANALYZER_NONNULL = YES;
				CLANG_ANALYZER_NUMBER_OBJECT_CONVERSION = YES_AGGRESSIVE;
				CLANG_CXX_LANGUAGE_STANDARD = "gnu++0x";
				CLANG_CXX_LIBRARY = "libc++";
				CLANG_ENABLE_MODULES = YES;
				CLANG_ENABLE_OBJC_ARC = YES;
				CLANG_WARN_BOOL_CONVERSION = YES;
				CLANG_WARN_CONSTANT_CONVERSION = YES;
				CLANG_WARN_DIRECT_OBJC_ISA_USAGE = YES_ERROR;
				CLANG_WARN_DOCUMENTATION_COMMENTS = YES;
				CLANG_WARN_EMPTY_BODY = YES;
				CLANG_WARN_ENUM_CONVERSION = YES;
				CLANG_WARN_INFINITE_RECURSION = YES;
				CLANG_WARN_INT_CONVERSION = YES;
				CLANG_WARN_OBJC_ROOT_CLASS = YES_ERROR;
				CLANG_WARN_SUSPICIOUS_MOVE = YES;
				CLANG_WARN_UNREACHABLE_CODE = YES;
				CLANG_WARN__DUPLICATE_METHOD_MATCH = YES;
				"CODE_SIGN_IDENTITY[sdk=iphoneos*]" = "iPhone Developer";
				COPY_PHASE_STRIP = NO;
				DEBUG_INFORMATION_FORMAT = dwarf;
				ENABLE_STRICT_OBJC_MSGSEND = YES;
				ENABLE_TESTABILITY = YES;
				GCC_C_LANGUAGE_STANDARD = gnu99;
				GCC_DYNAMIC_NO_PIC = NO;
				GCC_NO_COMMON_BLOCKS = YES;
				GCC_OPTIMIZATION_LEVEL = 0;
				GCC_PREPROCESSOR_DEFINITIONS = (
					"DEBUG=1",
					"$(inherited)",
				);
				GCC_WARN_64_TO_32_BIT_CONVERSION = YES;
				GCC_WARN_ABOUT_RETURN_TYPE = YES_ERROR;
				GCC_WARN_UNDECLARED_SELECTOR = YES;
				GCC_WARN_UNINITIALIZED_AUTOS = YES_AGGRESSIVE;
				GCC_WARN_UNUSED_FUNCTION = YES;
				GCC_WARN_UNUSED_VARIABLE = YES;
				IPHONEOS_DEPLOYMENT_TARGET = 10.3;
				MTL_ENABLE_DEBUG_INFO = YES;
				ONLY_ACTIVE_ARCH = YES;
				SDKROOT = iphoneos;
				TARGETED_DEVICE_FAMILY = "1,2";
			};
			name = Debug;
		};
		AB06D0E51FA36646006AF6AD /* Release */ = {
			isa = XCBuildConfiguration;
			buildSettings = {
				ALWAYS_SEARCH_USER_PATHS = NO;
				CLANG_ANALYZER_NONNULL = YES;
				CLANG_ANALYZER_NUMBER_OBJECT_CONVERSION = YES_AGGRESSIVE;
				CLANG_CXX_LANGUAGE_STANDARD = "gnu++0x";
				CLANG_CXX_LIBRARY = "libc++";
				CLANG_ENABLE_MODULES = YES;
				CLANG_ENABLE_OBJC_ARC = YES;
				CLANG_WARN_BOOL_CONVERSION = YES;
				CLANG_WARN_CONSTANT_CONVERSION = YES;
				CLANG_WARN_DIRECT_OBJC_ISA_USAGE = YES_ERROR;
				CLANG_WARN_DOCUMENTATION_COMMENTS = YES;
				CLANG_WARN_EMPTY_BODY = YES;
				CLANG_WARN_ENUM_CONVERSION = YES;
				CLANG_WARN_INFINITE_RECURSION = YES;
				CLANG_WARN_INT_CONVERSION = YES;
				CLANG_WARN_OBJC_ROOT_CLASS = YES_ERROR;
				CLANG_WARN_SUSPICIOUS_MOVE = YES;
				CLANG_WARN_UNREACHABLE_CODE = YES;
				CLANG_WARN__DUPLICATE_METHOD_MATCH = YES;
				"CODE_SIGN_IDENTITY[sdk=iphoneos*]" = "iPhone Developer";
				COPY_PHASE_STRIP = NO;
				DEBUG_INFORMATION_FORMAT = "dwarf-with-dsym";
				ENABLE_NS_ASSERTIONS = NO;
				ENABLE_STRICT_OBJC_MSGSEND = YES;
				GCC_C_LANGUAGE_STANDARD = gnu99;
				GCC_NO_COMMON_BLOCKS = YES;
				GCC_WARN_64_TO_32_BIT_CONVERSION = YES;
				GCC_WARN_ABOUT_RETURN_TYPE = YES_ERROR;
				GCC_WARN_UNDECLARED_SELECTOR = YES;
				GCC_WARN_UNINITIALIZED_AUTOS = YES_AGGRESSIVE;
				GCC_WARN_UNUSED_FUNCTION = YES;
				GCC_WARN_UNUSED_VARIABLE = YES;
				IPHONEOS_DEPLOYMENT_TARGET = 10.3;
				MTL_ENABLE_DEBUG_INFO = NO;
				SDKROOT = iphoneos;
				TARGETED_DEVICE_FAMILY = "1,2";
				VALIDATE_PRODUCT = YES;
			};
			name = Release;
		};
		AB06D0E71FA36646006AF6AD /* Debug */ = {
			isa = XCBuildConfiguration;
			baseConfigurationReference = D86727A02A76345E0373C9FC /* Pods-VKFinder.debug.xcconfig */;
			buildSettings = {
				ASSETCATALOG_COMPILER_APPICON_NAME = AppIcon;
				DEVELOPMENT_TEAM = 42V7DCQUR8;
				INFOPLIST_FILE = VKFinder/Info.plist;
				LD_RUNPATH_SEARCH_PATHS = "$(inherited) @executable_path/Frameworks";
				PRODUCT_BUNDLE_IDENTIFIER = com.NikitaVotyakov.VKFinder;
				PRODUCT_NAME = "$(TARGET_NAME)";
			};
			name = Debug;
		};
		AB06D0E81FA36646006AF6AD /* Release */ = {
			isa = XCBuildConfiguration;
			baseConfigurationReference = 9BE5396222C780D8E9329BCA /* Pods-VKFinder.release.xcconfig */;
			buildSettings = {
				ASSETCATALOG_COMPILER_APPICON_NAME = AppIcon;
				DEVELOPMENT_TEAM = 42V7DCQUR8;
				INFOPLIST_FILE = VKFinder/Info.plist;
				LD_RUNPATH_SEARCH_PATHS = "$(inherited) @executable_path/Frameworks";
				PRODUCT_BUNDLE_IDENTIFIER = com.NikitaVotyakov.VKFinder;
				PRODUCT_NAME = "$(TARGET_NAME)";
			};
			name = Release;
		};
/* End XCBuildConfiguration section */

/* Begin XCConfigurationList section */
		AB06D0CA1FA36646006AF6AD /* Build configuration list for PBXProject "VKFinder" */ = {
			isa = XCConfigurationList;
			buildConfigurations = (
				AB06D0E41FA36646006AF6AD /* Debug */,
				AB06D0E51FA36646006AF6AD /* Release */,
			);
			defaultConfigurationIsVisible = 0;
			defaultConfigurationName = Release;
		};
		AB06D0E61FA36646006AF6AD /* Build configuration list for PBXNativeTarget "VKFinder" */ = {
			isa = XCConfigurationList;
			buildConfigurations = (
				AB06D0E71FA36646006AF6AD /* Debug */,
				AB06D0E81FA36646006AF6AD /* Release */,
			);
			defaultConfigurationIsVisible = 0;
			defaultConfigurationName = Release;
		};
/* End XCConfigurationList section */
	};
	rootObject = AB06D0C71FA36646006AF6AD /* Project object */;
}
